
Microsoft Visual Studio Solution File, Format Version 12.00
# Visual Studio 15
Project("{FAE04EC0-301F-11D3-BF4B-00C04F79EFBC}") = "Assembly-CSharp-Editor", "Assembly-CSharp-Editor.csproj", "{D479D4E3-56AC-4B47-A7F7-DE135F7A3242}"
EndProject
Global
	GlobalSection(SolutionConfigurationPlatforms) = preSolution
		Debug|Any CPU = Debug|Any CPU
		Release|Any CPU = Release|Any CPU
	EndGlobalSection
	GlobalSection(ProjectConfigurationPlatforms) = postSolution
		{D479D4E3-56AC-4B47-A7F7-DE135F7A3242}.Debug|Any CPU.ActiveCfg = Debug|Any CPU
		{D479D4E3-56AC-4B47-A7F7-DE135F7A3242}.Debug|Any CPU.Build.0 = Debug|Any CPU
		{D479D4E3-56AC-4B47-A7F7-DE135F7A3242}.Release|Any CPU.ActiveCfg = Release|Any CPU
		{D479D4E3-56AC-4B47-A7F7-DE135F7A3242}.Release|Any CPU.Build.0 = Release|Any CPU
	EndGlobalSection
EndGlobal
