
Microsoft Visual Studio Solution File, Format Version 11.00
# Visual Studio 2010
Project("{FAE04EC0-301F-11D3-BF4B-00C04F79EFBC}") = "Assembly-CSharp", "Assembly-CSharp.csproj", "{1789D5C4-664C-B26C-89DE-509AD5E1DF53}"
EndProject
Project("{FAE04EC0-301F-11D3-BF4B-00C04F79EFBC}") = "Assembly-CSharp-Editor", "Assembly-CSharp-Editor.csproj", "{D479D4E3-56AC-4B47-A7F7-DE135F7A3242}"
EndProject
Global
	GlobalSection(SolutionConfigurationPlatforms) = preSolution
		Debug|Any CPU = Debug|Any CPU
		Release|Any CPU = Release|Any CPU
	EndGlobalSection
	GlobalSection(ProjectConfigurationPlatforms) = postSolution
		{1789D5C4-664C-B26C-89DE-509AD5E1DF53}.Debug|Any CPU.ActiveCfg = Debug|Any CPU
		{1789D5C4-664C-B26C-89DE-509AD5E1DF53}.Debug|Any CPU.Build.0 = Debug|Any CPU
		{1789D5C4-664C-B26C-89DE-509AD5E1DF53}.Release|Any CPU.ActiveCfg = Release|Any CPU
		{1789D5C4-664C-B26C-89DE-509AD5E1DF53}.Release|Any CPU.Build.0 = Release|Any CPU
		{D479D4E3-56AC-4B47-A7F7-DE135F7A3242}.Debug|Any CPU.ActiveCfg = Debug|Any CPU
		{D479D4E3-56AC-4B47-A7F7-DE135F7A3242}.Debug|Any CPU.Build.0 = Debug|Any CPU
		{D479D4E3-56AC-4B47-A7F7-DE135F7A3242}.Release|Any CPU.ActiveCfg = Release|Any CPU
		{D479D4E3-56AC-4B47-A7F7-DE135F7A3242}.Release|Any CPU.Build.0 = Release|Any CPU
	EndGlobalSection
	GlobalSection(SolutionProperties) = preSolution
		HideSolutionNode = FALSE
	EndGlobalSection
EndGlobal
